
Microsoft Visual Studio Solution File, Format Version 12.00
# Visual Studio Version 16
VisualStudioVersion = 25.0.1704.0
MinimumVisualStudioVersion = 10.0.40219.1
Project("{FAE04EC0-301F-11D3-BF4B-00C04F79EFBC}") = "homework52", "homework52\homework52.csproj", "{89BAD7AC-A533-4F31-AD98-4259E2BD8334}"
EndProject
Global
	GlobalSection(SolutionConfigurationPlatforms) = preSolution
		Debug|Any CPU = Debug|Any CPU
		Release|Any CPU = Release|Any CPU
	EndGlobalSection
	GlobalSection(ProjectConfigurationPlatforms) = postSolution
		{89BAD7AC-A533-4F31-AD98-4259E2BD8334}.Debug|Any CPU.ActiveCfg = Debug|Any CPU
		{89BAD7AC-A533-4F31-AD98-4259E2BD8334}.Debug|Any CPU.Build.0 = Debug|Any CPU
		{89BAD7AC-A533-4F31-AD98-4259E2BD8334}.Release|Any CPU.ActiveCfg = Release|Any CPU
		{89BAD7AC-A533-4F31-AD98-4259E2BD8334}.Release|Any CPU.Build.0 = Release|Any CPU
	EndGlobalSection
	GlobalSection(SolutionProperties) = preSolution
		HideSolutionNode = FALSE
	EndGlobalSection
	GlobalSection(ExtensibilityGlobals) = postSolution
		SolutionGuid = {FD0FD09D-4031-410C-8480-E553657442FC}
	EndGlobalSection
EndGlobal
